
Microsoft Visual Studio Solution File, Format Version 12.00
# Visual Studio Version 16
VisualStudioVersion = 16.0.31729.503
MinimumVisualStudioVersion = 10.0.40219.1
Project("{FAE04EC0-301F-11D3-BF4B-00C04F79EFBC}") = "Lab6_Basic_Command", "Lab6_Basic_Command\Lab6_Basic_Command.csproj", "{630C8F5D-7F22-418D-B1F6-685310190E98}"
EndProject
Global
	GlobalSection(SolutionConfigurationPlatforms) = preSolution
		Debug|Any CPU = Debug|Any CPU
		Release|Any CPU = Release|Any CPU
	EndGlobalSection
	GlobalSection(ProjectConfigurationPlatforms) = postSolution
		{630C8F5D-7F22-418D-B1F6-685310190E98}.Debug|Any CPU.ActiveCfg = Debug|Any CPU
		{630C8F5D-7F22-418D-B1F6-685310190E98}.Debug|Any CPU.Build.0 = Debug|Any CPU
		{630C8F5D-7F22-418D-B1F6-685310190E98}.Release|Any CPU.ActiveCfg = Release|Any CPU
		{630C8F5D-7F22-418D-B1F6-685310190E98}.Release|Any CPU.Build.0 = Release|Any CPU
	EndGlobalSection
	GlobalSection(SolutionProperties) = preSolution
		HideSolutionNode = FALSE
	EndGlobalSection
	GlobalSection(ExtensibilityGlobals) = postSolution
		SolutionGuid = {364980A7-163C-4BF1-834B-D653E5134C4C}
	EndGlobalSection
EndGlobal
